
Microsoft Visual Studio Solution File, Format Version 12.00
# Visual Studio Version 17
VisualStudioVersion = 17.4.33110.190
MinimumVisualStudioVersion = 10.0.40219.1
Project("{FAE04EC0-301F-11D3-BF4B-00C04F79EFBC}") = "Valeros.Solid.Demo", "Valeros.Solid.Demo\Valeros.Solid.Demo.csproj", "{13F762D6-87AB-4215-8B82-4AB5460C77FB}"
EndProject
Project("{2150E333-8FDC-42A3-9474-1A3956D46DE8}") = "Solution Items", "Solution Items", "{AC87FFC5-6613-4929-AF27-5C21BA6EBBF1}"
EndProject
Global
	GlobalSection(SolutionConfigurationPlatforms) = preSolution
		Debug|Any CPU = Debug|Any CPU
		Release|Any CPU = Release|Any CPU
	EndGlobalSection
	GlobalSection(ProjectConfigurationPlatforms) = postSolution
		{13F762D6-87AB-4215-8B82-4AB5460C77FB}.Debug|Any CPU.ActiveCfg = Debug|Any CPU
		{13F762D6-87AB-4215-8B82-4AB5460C77FB}.Debug|Any CPU.Build.0 = Debug|Any CPU
		{13F762D6-87AB-4215-8B82-4AB5460C77FB}.Release|Any CPU.ActiveCfg = Release|Any CPU
		{13F762D6-87AB-4215-8B82-4AB5460C77FB}.Release|Any CPU.Build.0 = Release|Any CPU
	EndGlobalSection
	GlobalSection(SolutionProperties) = preSolution
		HideSolutionNode = FALSE
	EndGlobalSection
	GlobalSection(ExtensibilityGlobals) = postSolution
		SolutionGuid = {821CA5ED-743C-4A21-960D-5ED46CBFBFC2}
	EndGlobalSection
EndGlobal
